lockfileVersion: '9.0'

settings:
  autoInstallPeers: true
  excludeLinksFromLockfile: false

importers:

  .:
    dependencies:
      '@snc/shared':
        specifier: workspace:*
        version: link:../../packages/shared
      '@vidstack/react':
        specifier: 1.12.13
        version: 1.12.13(@types/react@19.2.14)(react@19.2.4)
      react:
        specifier: ^19.2.4
        version: 19.2.4
    devDependencies:
      '@types/react':
        specifier: ^19.0.0
        version: 19.2.14

  ../..: {}

  ../../../games/table/hazard-frame/site: {}

  ../../packages/shared: {}

  ../api: {}

  ../e2e: {}

packages:

  '@floating-ui/core@1.7.5':
    resolution: {integrity: sha512-1Ih4WTWyw0+lKyFMcBHGbb5U5FtuHJuujoyyr5zTaWS5EYMeT6Jb2AuDeftsCsEuchO+mM2ij5+q9crhydzLhQ==}

  '@floating-ui/dom@1.7.6':
    resolution: {integrity: sha512-9gZSAI5XM36880PPMm//9dfiEngYoC6Am2izES1FF406YFsjvyBMmeJ2g4SAju3xWwtuynNRFL2s9hgxpLI5SQ==}

  '@floating-ui/utils@0.2.11':
    resolution: {integrity: sha512-RiB/yIh78pcIxl6lLMG0CgBXAZ2Y0eVHqMPYugu+9U0AeT6YBeiJpf7lbdJNIugFP5SIjwNRgo4DhR1Qxi26Gg==}

  '@types/react@19.2.14':
    resolution: {integrity: sha512-ilcTH/UniCkMdtexkoCN0bI7pMcJDvmQFPvuPvmEaYA/NSfFTAgdUSLAoVjaRJm7+6PvcM+q1zYOwS4wTYMF9w==}

  '@vidstack/react@1.12.13':
    resolution: {integrity: sha512-zyNydy1+HtoK6cJ8EmqFNkPPGHIFMrr2KH+ef3654EqXx4IcJ8A5LCNMXBuALQE8IMxtk040JMoR9OKyeXjBOQ==}
    engines: {node: '>=18'}
    peerDependencies:
      '@types/react': ^18.0.0 || ^19.0.0
      react: ^18.0.0 || ^19.0.0

  csstype@3.2.3:
    resolution: {integrity: sha512-z1HGKcYy2xA8AGQfwrn0PAy+PB7X/GSj3UVJW9qKyn43xWa+gl5nXmU4qqLMRzWVLFC8KusUX8T/0kCiOYpAIQ==}

  media-captions@1.0.4:
    resolution: {integrity: sha512-cyDNmuZvvO4H27rcBq2Eudxo9IZRDCOX/I7VEyqbxsEiD2Ei7UYUhG/Sc5fvMZjmathgz3fEK7iAKqvpY+Ux1w==}
    engines: {node: '>=16'}

  react@19.2.4:
    resolution: {integrity: sha512-9nfp2hYpCwOjAN+8TZFGhtWEwgvWHXqESH8qT89AT/lWklpLON22Lc8pEtnpsZz7VmawabSU0gCjnj8aC0euHQ==}
    engines: {node: '>=0.10.0'}

snapshots:

  '@floating-ui/core@1.7.5':
    dependencies:
      '@floating-ui/utils': 0.2.11

  '@floating-ui/dom@1.7.6':
    dependencies:
      '@floating-ui/core': 1.7.5
      '@floating-ui/utils': 0.2.11

  '@floating-ui/utils@0.2.11': {}

  '@types/react@19.2.14':
    dependencies:
      csstype: 3.2.3

  '@vidstack/react@1.12.13(@types/react@19.2.14)(react@19.2.4)':
    dependencies:
      '@floating-ui/dom': 1.7.6
      '@types/react': 19.2.14
      media-captions: 1.0.4
      react: 19.2.4

  csstype@3.2.3: {}

  media-captions@1.0.4: {}

  react@19.2.4: {}
